{
  "originHash" : "a07aac8c4313683c83c90e9c2f95a0e49b000b1fff727a9b68c6407558861c9e",
  "pins" : [
    {
      "identity" : "keychainaccess",
      "kind" : "remoteSourceControl",
      "location" : "https://github.com/kishikawakatsumi/KeychainAccess.git",
      "state" : {
        "revision" : "84e546727d66f1adc5439debad16270d0fdd04e7",
        "version" : "4.2.2"
      }
    },
    {
      "identity" : "swiftystorekit",
      "kind" : "remoteSourceControl",
      "location" : "https://github.com/bizz84/SwiftyStoreKit.git",
      "state" : {
        "revision" : "9ce911639680113dac9b554d6243e406a9758ebe",
        "version" : "0.16.4"
      }
    }
  ],
  "version" : 3
}
